{
  "name": "budof",
  "version": "0.0.1",
  "lockfileVersion": 1,
  "requires": true,
  "dependencies": {
    "@plusnew/core": {
      "version": "0.6.63",
      "resolved": "https://registry.npmjs.org/@plusnew/core/-/core-0.6.63.tgz",
      "integrity": "sha512-qBF7fsePxDHeMEXcTI3irmD3Bq2fX9cRM4ff/z+ffCNRmuD3NVZJSOKE6TeI/cGy8Y6yqN+FiSZcBT2vJEnlVw==",
      "dev": true
    }
  }
}
